Microsoft Visual Studio Solution File, Format Version 12.00
# Visual Studio 2012
Project("{FAE04EC0-301F-11D3-BF4B-00C04F79EFBC}") = "MiniJameGam47", "MiniJameGam47.csproj", "{170ABCB6-8B6D-459D-A0D4-7CD6BE7DACDA}"
EndProject
Global
	GlobalSection(SolutionConfigurationPlatforms) = preSolution
	Debug|Any CPU = Debug|Any CPU
	ExportDebug|Any CPU = ExportDebug|Any CPU
	ExportRelease|Any CPU = ExportRelease|Any CPU
	EndGlobalSection
	GlobalSection(ProjectConfigurationPlatforms) = postSolution
		{170ABCB6-8B6D-459D-A0D4-7CD6BE7DACDA}.Debug|Any CPU.ActiveCfg = Debug|Any CPU
		{170ABCB6-8B6D-459D-A0D4-7CD6BE7DACDA}.Debug|Any CPU.Build.0 = Debug|Any CPU
		{170ABCB6-8B6D-459D-A0D4-7CD6BE7DACDA}.ExportDebug|Any CPU.ActiveCfg = ExportDebug|Any CPU
		{170ABCB6-8B6D-459D-A0D4-7CD6BE7DACDA}.ExportDebug|Any CPU.Build.0 = ExportDebug|Any CPU
		{170ABCB6-8B6D-459D-A0D4-7CD6BE7DACDA}.ExportRelease|Any CPU.ActiveCfg = ExportRelease|Any CPU
		{170ABCB6-8B6D-459D-A0D4-7CD6BE7DACDA}.ExportRelease|Any CPU.Build.0 = ExportRelease|Any CPU
	EndGlobalSection
EndGlobal
